Microsoft Visual Studio Solution File, Format Version 12.00
# Visual Studio 2012
Project("{FAE04EC0-301F-11D3-BF4B-00C04F79EFBC}") = "birdstream", "birdstream.csproj", "{414D2AF0-A30F-4C1F-B7D9-A36E3BC3058A}"
EndProject
Global
	GlobalSection(SolutionConfigurationPlatforms) = preSolution
	Debug|Any CPU = Debug|Any CPU
	ExportDebug|Any CPU = ExportDebug|Any CPU
	ExportRelease|Any CPU = ExportRelease|Any CPU
	EndGlobalSection
	GlobalSection(ProjectConfigurationPlatforms) = postSolution
		{414D2AF0-A30F-4C1F-B7D9-A36E3BC3058A}.Debug|Any CPU.ActiveCfg = Debug|Any CPU
		{414D2AF0-A30F-4C1F-B7D9-A36E3BC3058A}.Debug|Any CPU.Build.0 = Debug|Any CPU
		{414D2AF0-A30F-4C1F-B7D9-A36E3BC3058A}.ExportDebug|Any CPU.ActiveCfg = ExportDebug|Any CPU
		{414D2AF0-A30F-4C1F-B7D9-A36E3BC3058A}.ExportDebug|Any CPU.Build.0 = ExportDebug|Any CPU
		{414D2AF0-A30F-4C1F-B7D9-A36E3BC3058A}.ExportRelease|Any CPU.ActiveCfg = ExportRelease|Any CPU
		{414D2AF0-A30F-4C1F-B7D9-A36E3BC3058A}.ExportRelease|Any CPU.Build.0 = ExportRelease|Any CPU
	EndGlobalSection
EndGlobal
